// !$*UTF8*$!
{
	archiveVersion = 1;
	classes = {
	};
	objectVersion = 46;
	objects = {

/* Begin PBXBuildFile section */
		5087D3401980559300B71127 /* main.m in Sources */ = {isa = PBXBuildFile; fileRef = 5087D33F1980559300B71127 /* main.m */; };
		5087D3431980559300B71127 /* AppDelegate.m in Sources */ = {isa = PBXBuildFile; fileRef = 5087D3421980559300B71127 /* AppDelegate.m */; };
		5087D3451980559300B71127 /* Images.xcassets in Resources */ = {isa = PBXBuildFile; fileRef = 5087D3441980559300B71127 /* Images.xcassets */; };
		5087D3511980559300B71127 /* StackNavTests.m in Sources */ = {isa = PBXBuildFile; fileRef = 5087D3501980559300B71127 /* StackNavTests.m */; };
		5087D35C198055F800B71127 /* MasterViewController.m in Sources */ = {isa = PBXBuildFile; fileRef = 5087D35B198055F800B71127 /* MasterViewController.m */; };
/* End PBXBuildFile section */

/* Begin PBXContainerItemProxy section */
		5087D34B1980559300B71127 /* PBXContainerItemProxy */ = {
			isa = PBXContainerItemProxy;
			containerPortal = 5087D3321980559300B71127 /* Project object */;
			proxyType = 1;
			remoteGlobalIDString = 5087D3391980559300B71127;
			remoteInfo = StackNav;
		};
/* End PBXContainerItemProxy section */

/* Begin PBXFileReference section */
		5087D33A1980559300B71127 /* StackNav.app */ = {isa = PBXFileReference; explicitFileType = wrapper.application; includeInIndex = 0; path = StackNav.app; sourceTree = BUILT_PRODUCTS_DIR; };
		5087D33E1980559300B71127 /* Info.plist */ = {isa = PBXFileReference; lastKnownFileType = text.plist.xml; path = Info.plist; sourceTree = "<group>"; };
		5087D33F1980559300B71127 /* main.m */ = {isa = PBXFileReference; lastKnownFileType = sourcecode.c.objc; path = main.m; sourceTree = "<group>"; };
		5087D3411980559300B71127 /* AppDelegate.h */ = {isa = PBXFileReference; lastKnownFileType = sourcecode.c.h; path = AppDelegate.h; sourceTree = "<group>"; };
		5087D3421980559300B71127 /* AppDelegate.m */ = {isa = PBXFileReference; lastKnownFileType = sourcecode.c.objc; path = AppDelegate.m; sourceTree = "<group>"; };
		5087D3441980559300B71127 /* Images.xcassets */ = {isa = PBXFileReference; lastKnownFileType = folder.assetcatalog; path = Images.xcassets; sourceTree = "<group>"; };
		5087D34A1980559300B71127 /* StackNavTests.xctest */ = {isa = PBXFileReference; explicitFileType = wrapper.cfbundle; includeInIndex = 0; path = StackNavTests.xctest; sourceTree = BUILT_PRODUCTS_DIR; };
		5087D34F1980559300B71127 /* Info.plist */ = {isa = PBXFileReference; lastKnownFileType = text.plist.xml; path = Info.plist; sourceTree = "<group>"; };
		5087D3501980559300B71127 /* StackNavTests.m */ = {isa = PBXFileReference; lastKnownFileType = sourcecode.c.objc; path = StackNavTests.m; sourceTree = "<group>"; };
		5087D35A198055F800B71127 /* MasterViewController.h */ = {isa = PBXFileReference; fileEncoding = 4; lastKnownFileType = sourcecode.c.h; name = MasterViewController.h; path = "../View Controllers/MasterViewController.h"; sourceTree = "<group>"; };
		5087D35B198055F800B71127 /* MasterViewController.m */ = {isa = PBXFileReference; fileEncoding = 4; lastKnownFileType = sourcecode.c.objc; name = MasterViewController.m; path = "../View Controllers/MasterViewController.m"; sourceTree = "<group>"; };
/* End PBXFileReference section */

/* Begin PBXFrameworksBuildPhase section */
		5087D3371980559300B71127 /* Frameworks */ = {
			isa = PBXFrameworksBuildPhase;
			buildActionMask = 2147483647;
			files = (
			);
			runOnlyForDeploymentPostprocessing = 0;
		};
		5087D3471980559300B71127 /* Frameworks */ = {
			isa = PBXFrameworksBuildPhase;
			buildActionMask = 2147483647;
			files = (
			);
			runOnlyForDeploymentPostprocessing = 0;
		};
/* End PBXFrameworksBuildPhase section */

/* Begin PBXGroup section */
		5087D3311980559300B71127 = {
			isa = PBXGroup;
			children = (
				5087D33C1980559300B71127 /* StackNav */,
				5087D34D1980559300B71127 /* StackNavTests */,
				5087D33B1980559300B71127 /* Products */,
			);
			sourceTree = "<group>";
		};
		5087D33B1980559300B71127 /* Products */ = {
			isa = PBXGroup;
			children = (
				5087D33A1980559300B71127 /* StackNav.app */,
				5087D34A1980559300B71127 /* StackNavTests.xctest */,
			);
			name = Products;
			sourceTree = "<group>";
		};
		5087D33C1980559300B71127 /* StackNav */ = {
			isa = PBXGroup;
			children = (
				5087D35D198055FF00B71127 /* View Controllers */,
				5087D3411980559300B71127 /* AppDelegate.h */,
				5087D3421980559300B71127 /* AppDelegate.m */,
				5087D3441980559300B71127 /* Images.xcassets */,
				5087D33D1980559300B71127 /* Supporting Files */,
			);
			path = StackNav;
			sourceTree = "<group>";
		};
		5087D33D1980559300B71127 /* Supporting Files */ = {
			isa = PBXGroup;
			children = (
				5087D33E1980559300B71127 /* Info.plist */,
				5087D33F1980559300B71127 /* main.m */,
			);
			name = "Supporting Files";
			sourceTree = "<group>";
		};
		5087D34D1980559300B71127 /* StackNavTests */ = {
			isa = PBXGroup;
			children = (
				5087D3501980559300B71127 /* StackNavTests.m */,
				5087D34E1980559300B71127 /* Supporting Files */,
			);
			path = StackNavTests;
			sourceTree = "<group>";
		};
		5087D34E1980559300B71127 /* Supporting Files */ = {
			isa = PBXGroup;
			children = (
				5087D34F1980559300B71127 /* Info.plist */,
			);
			name = "Supporting Files";
			sourceTree = "<group>";
		};
		5087D35D198055FF00B71127 /* View Controllers */ = {
			isa = PBXGroup;
			children = (
				5087D35A198055F800B71127 /* MasterViewController.h */,
				5087D35B198055F800B71127 /* MasterViewController.m */,
			);
			name = "View Controllers";
			sourceTree = "<group>";
		};
/* End PBXGroup section */

/* Begin PBXNativeTarget section */
		5087D3391980559300B71127 /* StackNav */ = {
			isa = PBXNativeTarget;
			buildConfigurationList = 5087D3541980559300B71127 /* Build configuration list for PBXNativeTarget "StackNav" */;
			buildPhases = (
				5087D3361980559300B71127 /* Sources */,
				5087D3371980559300B71127 /* Frameworks */,
				5087D3381980559300B71127 /* Resources */,
			);
			buildRules = (
			);
			dependencies = (
			);
			name = StackNav;
			productName = StackNav;
			productReference = 5087D33A1980559300B71127 /* StackNav.app */;
			productType = "com.apple.product-type.application";
		};
		5087D3491980559300B71127 /* StackNavTests */ = {
			isa = PBXNativeTarget;
			buildConfigurationList = 5087D3571980559300B71127 /* Build configuration list for PBXNativeTarget "StackNavTests" */;
			buildPhases = (
				5087D3461980559300B71127 /* Sources */,
				5087D3471980559300B71127 /* Frameworks */,
				5087D3481980559300B71127 /* Resources */,
			);
			buildRules = (
			);
			dependencies = (
				5087D34C1980559300B71127 /* PBXTargetDependency */,
			);
			name = StackNavTests;
			productName = StackNavTests;
			productReference = 5087D34A1980559300B71127 /* StackNavTests.xctest */;
			productType = "com.apple.product-type.bundle.unit-test";
		};
/* End PBXNativeTarget section */

/* Begin PBXProject section */
		5087D3321980559300B71127 /* Project object */ = {
			isa = PBXProject;
			attributes = {
				LastUpgradeCheck = 0600;
				ORGANIZATIONNAME = "Giles Van Gruisen";
				TargetAttributes = {
					5087D3391980559300B71127 = {
						CreatedOnToolsVersion = 6.0;
					};
					5087D3491980559300B71127 = {
						CreatedOnToolsVersion = 6.0;
						TestTargetID = 5087D3391980559300B71127;
					};
				};
			};
			buildConfigurationList = 5087D3351980559300B71127 /* Build configuration list for PBXProject "StackNav" */;
			compatibilityVersion = "Xcode 3.2";
			developmentRegion = English;
			hasScannedForEncodings = 0;
			knownRegions = (
				en,
			);
			mainGroup = 5087D3311980559300B71127;
			productRefGroup = 5087D33B1980559300B71127 /* Products */;
			projectDirPath = "";
			projectRoot = "";
			targets = (
				5087D3391980559300B71127 /* StackNav */,
				5087D3491980559300B71127 /* StackNavTests */,
			);
		};
/* End PBXProject section */

/* Begin PBXResourcesBuildPhase section */
		5087D3381980559300B71127 /* Resources */ = {
			isa = PBXResourcesBuildPhase;
			buildActionMask = 2147483647;
			files = (
				5087D3451980559300B71127 /* Images.xcassets in Resources */,
			);
			runOnlyForDeploymentPostprocessing = 0;
		};
		5087D3481980559300B71127 /* Resources */ = {
			isa = PBXResourcesBuildPhase;
			buildActionMask = 2147483647;
			files = (
			);
			runOnlyForDeploymentPostprocessing = 0;
		};
/* End PBXResourcesBuildPhase section */

/* Begin PBXSourcesBuildPhase section */
		5087D3361980559300B71127 /* Sources */ = {
			isa = PBXSourcesBuildPhase;
			buildActionMask = 2147483647;
			files = (
				5087D3431980559300B71127 /* AppDelegate.m in Sources */,
				5087D35C198055F800B71127 /* MasterViewController.m in Sources */,
				5087D3401980559300B71127 /* main.m in Sources */,
			);
			runOnlyForDeploymentPostprocessing = 0;
		};
		5087D3461980559300B71127 /* Sources */ = {
			isa = PBXSourcesBuildPhase;
			buildActionMask = 2147483647;
			files = (
				5087D3511980559300B71127 /* StackNavTests.m in Sources */,
			);
			runOnlyForDeploymentPostprocessing = 0;
		};
/* End PBXSourcesBuildPhase section */

/* Begin PBXTargetDependency section */
		5087D34C1980559300B71127 /* PBXTargetDependency */ = {
			isa = PBXTargetDependency;
			target = 5087D3391980559300B71127 /* StackNav */;
			targetProxy = 5087D34B1980559300B71127 /* PBXContainerItemProxy */;
		};
/* End PBXTargetDependency section */

/* Begin XCBuildConfiguration section */
		5087D3521980559300B71127 /* Debug */ = {
			isa = XCBuildConfiguration;
			buildSettings = {
				ALWAYS_SEARCH_USER_PATHS = NO;
				CLANG_CXX_LANGUAGE_STANDARD = "gnu++0x";
				CLANG_CXX_LIBRARY = "libc++";
				CLANG_ENABLE_MODULES = YES;
				CLANG_ENABLE_OBJC_ARC = YES;
				CLANG_WARN_BOOL_CONVERSION = YES;
				CLANG_WARN_CONSTANT_CONVERSION = YES;
				CLANG_WARN_DIRECT_OBJC_ISA_USAGE = YES_ERROR;
				CLANG_WARN_EMPTY_BODY = YES;
				CLANG_WARN_ENUM_CONVERSION = YES;
				CLANG_WARN_INT_CONVERSION = YES;
				CLANG_WARN_OBJC_ROOT_CLASS = YES_ERROR;
				CLANG_WARN_UNREACHABLE_CODE = YES;
				CLANG_WARN__DUPLICATE_METHOD_MATCH = YES;
				"CODE_SIGN_IDENTITY[sdk=iphoneos*]" = "iPhone Developer";
				COPY_PHASE_STRIP = NO;
				ENABLE_STRICT_OBJC_MSGSEND = YES;
				GCC_C_LANGUAGE_STANDARD = gnu99;
				GCC_DYNAMIC_NO_PIC = NO;
				GCC_OPTIMIZATION_LEVEL = 0;
				GCC_PREPROCESSOR_DEFINITIONS = (
					"DEBUG=1",
					"$(inherited)",
				);
				GCC_SYMBOLS_PRIVATE_EXTERN = NO;
				GCC_WARN_64_TO_32_BIT_CONVERSION = YES;
				GCC_WARN_ABOUT_RETURN_TYPE = YES_ERROR;
				GCC_WARN_UNDECLARED_SELECTOR = YES;
				GCC_WARN_UNINITIALIZED_AUTOS = YES_AGGRESSIVE;
				GCC_WARN_UNUSED_FUNCTION = YES;
				GCC_WARN_UNUSED_VARIABLE = YES;
				IPHONEOS_DEPLOYMENT_TARGET = 8.0;
				METAL_ENABLE_DEBUG_INFO = YES;
				ONLY_ACTIVE_ARCH = YES;
				SDKROOT = iphoneos;
			};
			name = Debug;
		};
		5087D3531980559300B71127 /* Release */ = {
			isa = XCBuildConfiguration;
			buildSettings = {
				ALWAYS_SEARCH_USER_PATHS = NO;
				CLANG_CXX_LANGUAGE_STANDARD = "gnu++0x";
				CLANG_CXX_LIBRARY = "libc++";
				CLANG_ENABLE_MODULES = YES;
				CLANG_ENABLE_OBJC_ARC = YES;
				CLANG_WARN_BOOL_CONVERSION = YES;
				CLANG_WARN_CONSTANT_CONVERSION = YES;
				CLANG_WARN_DIRECT_OBJC_ISA_USAGE = YES_ERROR;
				CLANG_WARN_EMPTY_BODY = YES;
				CLANG_WARN_ENUM_CONVERSION = YES;
				CLANG_WARN_INT_CONVERSION = YES;
				CLANG_WARN_OBJC_ROOT_CLASS = YES_ERROR;
				CLANG_WARN_UNREACHABLE_CODE = YES;
				CLANG_WARN__DUPLICATE_METHOD_MATCH = YES;
				"CODE_SIGN_IDENTITY[sdk=iphoneos*]" = "iPhone Developer";
				COPY_PHASE_STRIP = YES;
				ENABLE_NS_ASSERTIONS = NO;
				ENABLE_STRICT_OBJC_MSGSEND = YES;
				GCC_C_LANGUAGE_STANDARD = gnu99;
				GCC_WARN_64_TO_32_BIT_CONVERSION = YES;
				GCC_WARN_ABOUT_RETURN_TYPE = YES_ERROR;
				GCC_WARN_UNDECLARED_SELECTOR = YES;
				GCC_WARN_UNINITIALIZED_AUTOS = YES_AGGRESSIVE;
				GCC_WARN_UNUSED_FUNCTION = YES;
				GCC_WARN_UNUSED_VARIABLE = YES;
				IPHONEOS_DEPLOYMENT_TARGET = 8.0;
				METAL_ENABLE_DEBUG_INFO = NO;
				SDKROOT = iphoneos;
				VALIDATE_PRODUCT = YES;
			};
			name = Release;
		};
		5087D3551980559300B71127 /* Debug */ = {
			isa = XCBuildConfiguration;
			buildSettings = {
				ASSETCATALOG_COMPILER_APPICON_NAME = AppIcon;
				ASSETCATALOG_COMPILER_LAUNCHIMAGE_NAME = LaunchImage;
				INFOPLIST_FILE = StackNav/Info.plist;
				IPHONEOS_DEPLOYMENT_TARGET = 6.0;
				LD_RUNPATH_SEARCH_PATHS = "$(inherited) @executable_path/Frameworks";
				PRODUCT_NAME = "$(TARGET_NAME)";
			};
			name = Debug;
		};
		5087D3561980559300B71127 /* Release */ = {
			isa = XCBuildConfiguration;
			buildSettings = {
				ASSETCATALOG_COMPILER_APPICON_NAME = AppIcon;
				ASSETCATALOG_COMPILER_LAUNCHIMAGE_NAME = LaunchImage;
				INFOPLIST_FILE = StackNav/Info.plist;
				IPHONEOS_DEPLOYMENT_TARGET = 6.0;
				LD_RUNPATH_SEARCH_PATHS = "$(inherited) @executable_path/Frameworks";
				PRODUCT_NAME = "$(TARGET_NAME)";
			};
			name = Release;
		};
		5087D3581980559300B71127 /* Debug */ = {
			isa = XCBuildConfiguration;
			buildSettings = {
				BUNDLE_LOADER = "$(BUILT_PRODUCTS_DIR)/StackNav.app/StackNav";
				FRAMEWORK_SEARCH_PATHS = (
					"$(SDKROOT)/Developer/Library/Frameworks",
					"$(inherited)",
				);
				GCC_PREPROCESSOR_DEFINITIONS = (
					"DEBUG=1",
					"$(inherited)",
				);
				INFOPLIST_FILE = StackNavTests/Info.plist;
				LD_RUNPATH_SEARCH_PATHS = "$(inherited) @executable_path/Frameworks @loader_path/Frameworks";
				METAL_ENABLE_DEBUG_INFO = YES;
				PRODUCT_NAME = "$(TARGET_NAME)";
				TEST_HOST = "$(BUNDLE_LOADER)";
			};
			name = Debug;
		};
		5087D3591980559300B71127 /* Release */ = {
			isa = XCBuildConfiguration;
			buildSettings = {
				BUNDLE_LOADER = "$(BUILT_PRODUCTS_DIR)/StackNav.app/StackNav";
				FRAMEWORK_SEARCH_PATHS = (
					"$(SDKROOT)/Developer/Library/Frameworks",
					"$(inherited)",
				);
				INFOPLIST_FILE = StackNavTests/Info.plist;
				LD_RUNPATH_SEARCH_PATHS = "$(inherited) @executable_path/Frameworks @loader_path/Frameworks";
				METAL_ENABLE_DEBUG_INFO = NO;
				PRODUCT_NAME = "$(TARGET_NAME)";
				TEST_HOST = "$(BUNDLE_LOADER)";
			};
			name = Release;
		};
/* End XCBuildConfiguration section */

/* Begin XCConfigurationList section */
		5087D3351980559300B71127 /* Build configuration list for PBXProject "StackNav" */ = {
			isa = XCConfigurationList;
			buildConfigurations = (
				5087D3521980559300B71127 /* Debug */,
				5087D3531980559300B71127 /* Release */,
			);
			defaultConfigurationIsVisible = 0;
			defaultConfigurationName = Release;
		};
		5087D3541980559300B71127 /* Build configuration list for PBXNativeTarget "StackNav" */ = {
			isa = XCConfigurationList;
			buildConfigurations = (
				5087D3551980559300B71127 /* Debug */,
				5087D3561980559300B71127 /* Release */,
			);
			defaultConfigurationIsVisible = 0;
			defaultConfigurationName = Release;
		};
		5087D3571980559300B71127 /* Build configuration list for PBXNativeTarget "StackNavTests" */ = {
			isa = XCConfigurationList;
			buildConfigurations = (
				5087D3581980559300B71127 /* Debug */,
				5087D3591980559300B71127 /* Release */,
			);
			defaultConfigurationIsVisible = 0;
			defaultConfigurationName = Release;
		};
/* End XCConfigurationList section */
	};
	rootObject = 5087D3321980559300B71127 /* Project object */;
}
